# @generated - this file is auto-generated by `mise lock` https://mise.jdx.dev/dev-tools/mise-lock.html

lockfile_version = 3

[[tools."github:github/gh-actions-lock"]]
version = "0.1.6"
backend = "github:github/gh-actions-lock"
specifiers = ["0.1.6"]

[tools."github:github/gh-actions-lock"."platforms.linux-arm64"]
checksum = "sha256:31c99e586f8f5fa2607ea79af74e3b50bc7ed4be1580a0d8449cdd73d1aba5e4"
url = "https://github.com/github/gh-actions-lock/releases/download/v0.1.6/linux-arm64"
url_api = "https://api.github.com/repos/github/gh-actions-lock/releases/assets/493218055"
provenance = "github-attestations"

[tools."github:github/gh-actions-lock"."platforms.linux-x64"]
checksum = "sha256:4181ec1da5408b34b9a542a7ee5c6ce3a4d6ac815c7d0206a00ceca8a817f4e3"
url = "https://github.com/github/gh-actions-lock/releases/download/v0.1.6/linux-amd64"
url_api = "https://api.github.com/repos/github/gh-actions-lock/releases/assets/493218053"
provenance = "github-attestations"

[tools."github:github/gh-actions-lock"."platforms.macos-arm64"]
checksum = "sha256:49f4a617de3f2bfdfb1c52ebe1cda21ba0f6125fb76fb44247e7e1909238b3fd"
url = "https://github.com/github/gh-actions-lock/releases/download/v0.1.6/darwin-arm64"
url_api = "https://api.github.com/repos/github/gh-actions-lock/releases/assets/493218012"
provenance = "github-attestations"

[tools."github:github/gh-actions-lock"."platforms.macos-x64"]
checksum = "sha256:6ad47466cf17369fd3077f8fb69e03fc108c517be250c1e32f93251d1b78cd84"
url = "https://github.com/github/gh-actions-lock/releases/download/v0.1.6/darwin-amd64"
url_api = "https://api.github.com/repos/github/gh-actions-lock/releases/assets/493218010"
provenance = "github-attestations"

[[tools.node]]
version = "24.21.0"
backend = "core:node"
specifiers = ["24.21.0"]

[tools.node."platforms.linux-arm64"]
checksum = "sha256:724282c3b43aec998aa9527380465b45d229e021b58035f5f4f63095eabfe5d5"
url = "https://nodejs.org/dist/v24.21.0/node-v24.21.0-linux-arm64.tar.gz"

[tools.node."platforms.linux-x64"]
checksum = "sha256:6e1db87ef58b8819e5d5402eff1536491b18edd8eb7bee5ef7897876e88dc5ff"
url = "https://nodejs.org/dist/v24.21.0/node-v24.21.0-linux-x64.tar.gz"

[tools.node."platforms.macos-arm64"]
checksum = "sha256:bed7eea5325e1108f32ce5228ddd6a5f0f08a499ee42aa7442aea583702f6057"
url = "https://nodejs.org/dist/v24.21.0/node-v24.21.0-darwin-arm64.tar.gz"

[tools.node."platforms.macos-x64"]
checksum = "sha256:1462cb3b3046b815cf8ea436d3da450ec1a9f11dac7e5a46b0ada5305d7e8097"
url = "https://nodejs.org/dist/v24.21.0/node-v24.21.0-darwin-x64.tar.gz"

[[tools.pnpm]]
version = "12.10.1"
backend = "aqua:pnpm/pnpm"
specifiers = ["12.10.1"]

[tools.pnpm."platforms.linux-arm64"]
checksum = "sha256:18dbb118de1dbef0e4516c17bf847d6ee206fc4deffb2bb488ec8e1d2814e078"
url = "https://github.com/pnpm/pnpm/releases/download/v12.10.1/pnpm-linux-arm64.tar.gz"
url_api = "https://api.github.com/repos/pnpm/pnpm/releases/assets/616153643"
provenance = "github-attestations"

[tools.pnpm."platforms.linux-x64"]
checksum = "sha256:502a275984a4cd01e5579ac72049a241091cac5118e44becf84951130c3e079e"
url = "https://github.com/pnpm/pnpm/releases/download/v12.10.1/pnpm-linux-x64.tar.gz"
url_api = "https://api.github.com/repos/pnpm/pnpm/releases/assets/616153639"
provenance = "github-attestations"

[tools.pnpm."platforms.macos-arm64"]
checksum = "sha256:a617ae6a55c8b3cd494c611ada88d65cb7c3cf6d7828e91b2f44b4bed1bee217"
url = "https://github.com/pnpm/pnpm/releases/download/v12.10.1/pnpm-darwin-arm64.tar.gz"
url_api = "https://api.github.com/repos/pnpm/pnpm/releases/assets/616153633"
provenance = "github-attestations"

[tools.pnpm."platforms.macos-x64"]
checksum = "sha256:be78adee6612302667836dcde5a344c6ec03c231de34091868e6f272a6484fe6"
url = "https://github.com/pnpm/pnpm/releases/download/v12.10.1/pnpm-darwin-x64.tar.gz"
url_api = "https://api.github.com/repos/pnpm/pnpm/releases/assets/616153641"
provenance = "github-attestations"
