# This file is machine-generated by `gh actions-lock`.
# Do not edit by hand; run `gh actions-lock` to update.
# Docs: https://gh.io/actions-lockfile
version: 'v0.0.2'
workflows:
    '.github/workflows/ci.yml':
        - 'actions/cache@v6.1.0'
        - 'actions/checkout@v7.0.1'
        - 'jdx/mise-action@v4.3.0'
dependencies:
    'actions/cache@v6.1.0':
        ref: 'v6.1.0'
        commit: 'sha1-55cc8345863c7cc4c66a329aec7e433d2d1c52a9'
        owner_id: 44036562
        repo_id: 215566462
    'actions/checkout@v7.0.1':
        ref: 'v7.0.1'
        commit: 'sha1-3d3c42e5aac5ba805825da76410c181273ba90b1'
        owner_id: 44036562
        repo_id: 197814629
    'jdx/mise-action@v4.3.0':
        ref: 'v4.3.0'
        commit: 'sha1-c2a87611a18de5b3828c5652fe268e992400cb5c'
        owner_id: 216188
        repo_id: 738284564
